<Solution>
  <Folder Name="/Solution Items/">
    <File Path=".env.local" />
    <File Path=".gitignore" />
    <File Path="README.md" />
  </Folder>
  <Project Path="vernacular.client/vernacular.client.esproj">
    <Build />
    <Deploy />
  </Project>
  <Project Path="Vernacular.Server/Vernacular.Server.csproj" />
</Solution>
